
Microsoft Visual Studio Solution File, Format Version 12.00
Project("{FAE04EC0-301F-11D3-BF4B-00C04F79EFBC}") = "PoC_WeB", "PoC_WeB\PoC_WeB.csproj", "{98214601-5DF8-4B5A-A5C7-48703E56EABE}"
EndProject
Global
	GlobalSection(SolutionConfigurationPlatforms) = preSolution
		Debug|Any CPU = Debug|Any CPU
		Release|Any CPU = Release|Any CPU
	EndGlobalSection
	GlobalSection(ProjectConfigurationPlatforms) = postSolution
		{98214601-5DF8-4B5A-A5C7-48703E56EABE}.Debug|Any CPU.ActiveCfg = Debug|Any CPU
		{98214601-5DF8-4B5A-A5C7-48703E56EABE}.Debug|Any CPU.Build.0 = Debug|Any CPU
		{98214601-5DF8-4B5A-A5C7-48703E56EABE}.Release|Any CPU.ActiveCfg = Release|Any CPU
		{98214601-5DF8-4B5A-A5C7-48703E56EABE}.Release|Any CPU.Build.0 = Release|Any CPU
	EndGlobalSection
EndGlobal
